
Microsoft Visual Studio Solution File, Format Version 12.00
# Visual Studio Version 16
VisualStudioVersion = 16.0.32602.291
MinimumVisualStudioVersion = 10.0.40219.1
Project("{FAE04EC0-301F-11D3-BF4B-00C04F79EFBC}") = "Not_Kayit_Sistemi", "Not_Kayit_Sistemi\Not_Kayit_Sistemi.csproj", "{09E1759D-87AE-4413-B365-468E1B650E19}"
EndProject
Global
	GlobalSection(SolutionConfigurationPlatforms) = preSolution
		Debug|Any CPU = Debug|Any CPU
		Release|Any CPU = Release|Any CPU
	EndGlobalSection
	GlobalSection(ProjectConfigurationPlatforms) = postSolution
		{09E1759D-87AE-4413-B365-468E1B650E19}.Debug|Any CPU.ActiveCfg = Debug|Any CPU
		{09E1759D-87AE-4413-B365-468E1B650E19}.Debug|Any CPU.Build.0 = Debug|Any CPU
		{09E1759D-87AE-4413-B365-468E1B650E19}.Release|Any CPU.ActiveCfg = Release|Any CPU
		{09E1759D-87AE-4413-B365-468E1B650E19}.Release|Any CPU.Build.0 = Release|Any CPU
	EndGlobalSection
	GlobalSection(SolutionProperties) = preSolution
		HideSolutionNode = FALSE
	EndGlobalSection
	GlobalSection(ExtensibilityGlobals) = postSolution
		SolutionGuid = {A3DE1868-D837-413E-9F24-EB0DA96B2103}
	EndGlobalSection
EndGlobal
